// !$*UTF8*$!
{
	archiveVersion = 1;
	classes = {
	};
	objectVersion = 46;
	objects = {

/* Begin PBXBuildFile section */
		738D9692195B4A9100A98AD6 /* Foundation.framework in Frameworks */ = {isa = PBXBuildFile; fileRef = 738D9691195B4A9100A98AD6 /* Foundation.framework */; };
		738D9694195B4A9100A98AD6 /* CoreGraphics.framework in Frameworks */ = {isa = PBXBuildFile; fileRef = 738D9693195B4A9100A98AD6 /* CoreGraphics.framework */; };
		738D9696195B4A9100A98AD6 /* UIKit.framework in Frameworks */ = {isa = PBXBuildFile; fileRef = 738D9695195B4A9100A98AD6 /* UIKit.framework */; };
		738D969C195B4A9100A98AD6 /* InfoPlist.strings in Resources */ = {isa = PBXBuildFile; fileRef = 738D969A195B4A9100A98AD6 /* InfoPlist.strings */; };
		738D969E195B4A9100A98AD6 /* main.m in Sources */ = {isa = PBXBuildFile; fileRef = 738D969D195B4A9100A98AD6 /* main.m */; };
		738D96A2195B4A9100A98AD6 /* AppDelegate.m in Sources */ = {isa = PBXBuildFile; fileRef = 738D96A1195B4A9100A98AD6 /* AppDelegate.m */; };
		738D96A5195B4A9100A98AD6 /* Main_iPhone.storyboard in Resources */ = {isa = PBXBuildFile; fileRef = 738D96A3195B4A9100A98AD6 /* Main_iPhone.storyboard */; };
		738D96A8195B4A9100A98AD6 /* Main_iPad.storyboard in Resources */ = {isa = PBXBuildFile; fileRef = 738D96A6195B4A9100A98AD6 /* Main_iPad.storyboard */; };
		738D96AB195B4A9100A98AD6 /* ViewController.m in Sources */ = {isa = PBXBuildFile; fileRef = 738D96AA195B4A9100A98AD6 /* ViewController.m */; };
		738D96AD195B4A9100A98AD6 /* Images.xcassets in Resources */ = {isa = PBXBuildFile; fileRef = 738D96AC195B4A9100A98AD6 /* Images.xcassets */; };
		738D96B4195B4A9100A98AD6 /* XCTest.framework in Frameworks */ = {isa = PBXBuildFile; fileRef = 738D96B3195B4A9100A98AD6 /* XCTest.framework */; };
		738D96B5195B4A9100A98AD6 /* Foundation.framework in Frameworks */ = {isa = PBXBuildFile; fileRef = 738D9691195B4A9100A98AD6 /* Foundation.framework */; };
		738D96B6195B4A9100A98AD6 /* UIKit.framework in Frameworks */ = {isa = PBXBuildFile; fileRef = 738D9695195B4A9100A98AD6 /* UIKit.framework */; };
		738D96BE195B4A9100A98AD6 /* InfoPlist.strings in Resources */ = {isa = PBXBuildFile; fileRef = 738D96BC195B4A9100A98AD6 /* InfoPlist.strings */; };
		738D96C0195B4A9100A98AD6 /* BMICalTests.m in Sources */ = {isa = PBXBuildFile; fileRef = 738D96BF195B4A9100A98AD6 /* BMICalTests.m */; };
/* End PBXBuildFile section */

/* Begin PBXContainerItemProxy section */
		738D96B7195B4A9100A98AD6 /* PBXContainerItemProxy */ = {
			isa = PBXContainerItemProxy;
			containerPortal = 738D9686195B4A9100A98AD6 /* Project object */;
			proxyType = 1;
			remoteGlobalIDString = 738D968D195B4A9100A98AD6;
			remoteInfo = BMICal;
		};
/* End PBXContainerItemProxy section */

/* Begin PBXFileReference section */
		738D968E195B4A9100A98AD6 /* BMICal.app */ = {isa = PBXFileReference; explicitFileType = wrapper.application; includeInIndex = 0; path = BMICal.app; sourceTree = BUILT_PRODUCTS_DIR; };
		738D9691195B4A9100A98AD6 /* Foundation.framework */ = {isa = PBXFileReference; lastKnownFileType = wrapper.framework; name = Foundation.framework; path = System/Library/Frameworks/Foundation.framework; sourceTree = SDKROOT; };
		738D9693195B4A9100A98AD6 /* CoreGraphics.framework */ = {isa = PBXFileReference; lastKnownFileType = wrapper.framework; name = CoreGraphics.framework; path = System/Library/Frameworks/CoreGraphics.framework; sourceTree = SDKROOT; };
		738D9695195B4A9100A98AD6 /* UIKit.framework */ = {isa = PBXFileReference; lastKnownFileType = wrapper.framework; name = UIKit.framework; path = System/Library/Frameworks/UIKit.framework; sourceTree = SDKROOT; };
		738D9699195B4A9100A98AD6 /* BMICal-Info.plist */ = {isa = PBXFileReference; lastKnownFileType = text.plist.xml; path = "BMICal-Info.plist"; sourceTree = "<group>"; };
		738D969B195B4A9100A98AD6 /* en */ = {isa = PBXFileReference; lastKnownFileType = text.plist.strings; name = en; path = en.lproj/InfoPlist.strings; sourceTree = "<group>"; };
		738D969D195B4A9100A98AD6 /* main.m */ = {isa = PBXFileReference; lastKnownFileType = sourcecode.c.objc; path = main.m; sourceTree = "<group>"; };
		738D969F195B4A9100A98AD6 /* BMICal-Prefix.pch */ = {isa = PBXFileReference; lastKnownFileType = sourcecode.c.h; path = "BMICal-Prefix.pch"; sourceTree = "<group>"; };
		738D96A0195B4A9100A98AD6 /* AppDelegate.h */ = {isa = PBXFileReference; lastKnownFileType = sourcecode.c.h; path = AppDelegate.h; sourceTree = "<group>"; };
		738D96A1195B4A9100A98AD6 /* AppDelegate.m */ = {isa = PBXFileReference; lastKnownFileType = sourcecode.c.objc; path = AppDelegate.m; sourceTree = "<group>"; };
		738D96A4195B4A9100A98AD6 /* Base */ = {isa = PBXFileReference; lastKnownFileType = file.storyboard; name = Base; path = Base.lproj/Main_iPhone.storyboard; sourceTree = "<group>"; };
		738D96A7195B4A9100A98AD6 /* Base */ = {isa = PBXFileReference; lastKnownFileType = file.storyboard; name = Base; path = Base.lproj/Main_iPad.storyboard; sourceTree = "<group>"; };
		738D96A9195B4A9100A98AD6 /* ViewController.h */ = {isa = PBXFileReference; lastKnownFileType = sourcecode.c.h; path = ViewController.h; sourceTree = "<group>"; };
		738D96AA195B4A9100A98AD6 /* ViewController.m */ = {isa = PBXFileReference; lastKnownFileType = sourcecode.c.objc; path = ViewController.m; sourceTree = "<group>"; };
		738D96AC195B4A9100A98AD6 /* Images.xcassets */ = {isa = PBXFileReference; lastKnownFileType = folder.assetcatalog; path = Images.xcassets; sourceTree = "<group>"; };
		738D96B2195B4A9100A98AD6 /* BMICalTests.xctest */ = {isa = PBXFileReference; explicitFileType = wrapper.cfbundle; includeInIndex = 0; path = BMICalTests.xctest; sourceTree = BUILT_PRODUCTS_DIR; };
		738D96B3195B4A9100A98AD6 /* XCTest.framework */ = {isa = PBXFileReference; lastKnownFileType = wrapper.framework; name = XCTest.framework; path = Library/Frameworks/XCTest.framework; sourceTree = DEVELOPER_DIR; };
		738D96BB195B4A9100A98AD6 /* BMICalTests-Info.plist */ = {isa = PBXFileReference; lastKnownFileType = text.plist.xml; path = "BMICalTests-Info.plist"; sourceTree = "<group>"; };
		738D96BD195B4A9100A98AD6 /* en */ = {isa = PBXFileReference; lastKnownFileType = text.plist.strings; name = en; path = en.lproj/InfoPlist.strings; sourceTree = "<group>"; };
		738D96BF195B4A9100A98AD6 /* BMICalTests.m */ = {isa = PBXFileReference; lastKnownFileType = sourcecode.c.objc; path = BMICalTests.m; sourceTree = "<group>"; };
/* End PBXFileReference section */

/* Begin PBXFrameworksBuildPhase section */
		738D968B195B4A9100A98AD6 /* Frameworks */ = {
			isa = PBXFrameworksBuildPhase;
			buildActionMask = 2147483647;
			files = (
				738D9694195B4A9100A98AD6 /* CoreGraphics.framework in Frameworks */,
				738D9696195B4A9100A98AD6 /* UIKit.framework in Frameworks */,
				738D9692195B4A9100A98AD6 /* Foundation.framework in Frameworks */,
			);
			runOnlyForDeploymentPostprocessing = 0;
		};
		738D96AF195B4A9100A98AD6 /* Frameworks */ = {
			isa = PBXFrameworksBuildPhase;
			buildActionMask = 2147483647;
			files = (
				738D96B4195B4A9100A98AD6 /* XCTest.framework in Frameworks */,
				738D96B6195B4A9100A98AD6 /* UIKit.framework in Frameworks */,
				738D96B5195B4A9100A98AD6 /* Foundation.framework in Frameworks */,
			);
			runOnlyForDeploymentPostprocessing = 0;
		};
/* End PBXFrameworksBuildPhase section */

/* Begin PBXGroup section */
		738D9685195B4A9100A98AD6 = {
			isa = PBXGroup;
			children = (
				738D9697195B4A9100A98AD6 /* BMICal */,
				738D96B9195B4A9100A98AD6 /* BMICalTests */,
				738D9690195B4A9100A98AD6 /* Frameworks */,
				738D968F195B4A9100A98AD6 /* Products */,
			);
			sourceTree = "<group>";
		};
		738D968F195B4A9100A98AD6 /* Products */ = {
			isa = PBXGroup;
			children = (
				738D968E195B4A9100A98AD6 /* BMICal.app */,
				738D96B2195B4A9100A98AD6 /* BMICalTests.xctest */,
			);
			name = Products;
			sourceTree = "<group>";
		};
		738D9690195B4A9100A98AD6 /* Frameworks */ = {
			isa = PBXGroup;
			children = (
				738D9691195B4A9100A98AD6 /* Foundation.framework */,
				738D9693195B4A9100A98AD6 /* CoreGraphics.framework */,
				738D9695195B4A9100A98AD6 /* UIKit.framework */,
				738D96B3195B4A9100A98AD6 /* XCTest.framework */,
			);
			name = Frameworks;
			sourceTree = "<group>";
		};
		738D9697195B4A9100A98AD6 /* BMICal */ = {
			isa = PBXGroup;
			children = (
				738D96A0195B4A9100A98AD6 /* AppDelegate.h */,
				738D96A1195B4A9100A98AD6 /* AppDelegate.m */,
				738D96A3195B4A9100A98AD6 /* Main_iPhone.storyboard */,
				738D96A6195B4A9100A98AD6 /* Main_iPad.storyboard */,
				738D96A9195B4A9100A98AD6 /* ViewController.h */,
				738D96AA195B4A9100A98AD6 /* ViewController.m */,
				738D96AC195B4A9100A98AD6 /* Images.xcassets */,
				738D9698195B4A9100A98AD6 /* Supporting Files */,
			);
			path = BMICal;
			sourceTree = "<group>";
		};
		738D9698195B4A9100A98AD6 /* Supporting Files */ = {
			isa = PBXGroup;
			children = (
				738D9699195B4A9100A98AD6 /* BMICal-Info.plist */,
				738D969A195B4A9100A98AD6 /* InfoPlist.strings */,
				738D969D195B4A9100A98AD6 /* main.m */,
				738D969F195B4A9100A98AD6 /* BMICal-Prefix.pch */,
			);
			name = "Supporting Files";
			sourceTree = "<group>";
		};
		738D96B9195B4A9100A98AD6 /* BMICalTests */ = {
			isa = PBXGroup;
			children = (
				738D96BF195B4A9100A98AD6 /* BMICalTests.m */,
				738D96BA195B4A9100A98AD6 /* Supporting Files */,
			);
			path = BMICalTests;
			sourceTree = "<group>";
		};
		738D96BA195B4A9100A98AD6 /* Supporting Files */ = {
			isa = PBXGroup;
			children = (
				738D96BB195B4A9100A98AD6 /* BMICalTests-Info.plist */,
				738D96BC195B4A9100A98AD6 /* InfoPlist.strings */,
			);
			name = "Supporting Files";
			sourceTree = "<group>";
		};
/* End PBXGroup section */

/* Begin PBXNativeTarget section */
		738D968D195B4A9100A98AD6 /* BMICal */ = {
			isa = PBXNativeTarget;
			buildConfigurationList = 738D96C3195B4A9100A98AD6 /* Build configuration list for PBXNativeTarget "BMICal" */;
			buildPhases = (
				738D968A195B4A9100A98AD6 /* Sources */,
				738D968B195B4A9100A98AD6 /* Frameworks */,
				738D968C195B4A9100A98AD6 /* Resources */,
			);
			buildRules = (
			);
			dependencies = (
			);
			name = BMICal;
			productName = BMICal;
			productReference = 738D968E195B4A9100A98AD6 /* BMICal.app */;
			productType = "com.apple.product-type.application";
		};
		738D96B1195B4A9100A98AD6 /* BMICalTests */ = {
			isa = PBXNativeTarget;
			buildConfigurationList = 738D96C6195B4A9100A98AD6 /* Build configuration list for PBXNativeTarget "BMICalTests" */;
			buildPhases = (
				738D96AE195B4A9100A98AD6 /* Sources */,
				738D96AF195B4A9100A98AD6 /* Frameworks */,
				738D96B0195B4A9100A98AD6 /* Resources */,
			);
			buildRules = (
			);
			dependencies = (
				738D96B8195B4A9100A98AD6 /* PBXTargetDependency */,
			);
			name = BMICalTests;
			productName = BMICalTests;
			productReference = 738D96B2195B4A9100A98AD6 /* BMICalTests.xctest */;
			productType = "com.apple.product-type.bundle.unit-test";
		};
/* End PBXNativeTarget section */

/* Begin PBXProject section */
		738D9686195B4A9100A98AD6 /* Project object */ = {
			isa = PBXProject;
			attributes = {
				LastUpgradeCheck = 0510;
				ORGANIZATIONNAME = "Chaolei Hua";
				TargetAttributes = {
					738D96B1195B4A9100A98AD6 = {
						TestTargetID = 738D968D195B4A9100A98AD6;
					};
				};
			};
			buildConfigurationList = 738D9689195B4A9100A98AD6 /* Build configuration list for PBXProject "BMICal" */;
			compatibilityVersion = "Xcode 3.2";
			developmentRegion = English;
			hasScannedForEncodings = 0;
			knownRegions = (
				en,
				Base,
			);
			mainGroup = 738D9685195B4A9100A98AD6;
			productRefGroup = 738D968F195B4A9100A98AD6 /* Products */;
			projectDirPath = "";
			projectRoot = "";
			targets = (
				738D968D195B4A9100A98AD6 /* BMICal */,
				738D96B1195B4A9100A98AD6 /* BMICalTests */,
			);
		};
/* End PBXProject section */

/* Begin PBXResourcesBuildPhase section */
		738D968C195B4A9100A98AD6 /* Resources */ = {
			isa = PBXResourcesBuildPhase;
			buildActionMask = 2147483647;
			files = (
				738D96A8195B4A9100A98AD6 /* Main_iPad.storyboard in Resources */,
				738D96AD195B4A9100A98AD6 /* Images.xcassets in Resources */,
				738D96A5195B4A9100A98AD6 /* Main_iPhone.storyboard in Resources */,
				738D969C195B4A9100A98AD6 /* InfoPlist.strings in Resources */,
			);
			runOnlyForDeploymentPostprocessing = 0;
		};
		738D96B0195B4A9100A98AD6 /* Resources */ = {
			isa = PBXResourcesBuildPhase;
			buildActionMask = 2147483647;
			files = (
				738D96BE195B4A9100A98AD6 /* InfoPlist.strings in Resources */,
			);
			runOnlyForDeploymentPostprocessing = 0;
		};
/* End PBXResourcesBuildPhase section */

/* Begin PBXSourcesBuildPhase section */
		738D968A195B4A9100A98AD6 /* Sources */ = {
			isa = PBXSourcesBuildPhase;
			buildActionMask = 2147483647;
			files = (
				738D96AB195B4A9100A98AD6 /* ViewController.m in Sources */,
				738D96A2195B4A9100A98AD6 /* AppDelegate.m in Sources */,
				738D969E195B4A9100A98AD6 /* main.m in Sources */,
			);
			runOnlyForDeploymentPostprocessing = 0;
		};
		738D96AE195B4A9100A98AD6 /* Sources */ = {
			isa = PBXSourcesBuildPhase;
			buildActionMask = 2147483647;
			files = (
				738D96C0195B4A9100A98AD6 /* BMICalTests.m in Sources */,
			);
			runOnlyForDeploymentPostprocessing = 0;
		};
/* End PBXSourcesBuildPhase section */

/* Begin PBXTargetDependency section */
		738D96B8195B4A9100A98AD6 /* PBXTargetDependency */ = {
			isa = PBXTargetDependency;
			target = 738D968D195B4A9100A98AD6 /* BMICal */;
			targetProxy = 738D96B7195B4A9100A98AD6 /* PBXContainerItemProxy */;
		};
/* End PBXTargetDependency section */

/* Begin PBXVariantGroup section */
		738D969A195B4A9100A98AD6 /* InfoPlist.strings */ = {
			isa = PBXVariantGroup;
			children = (
				738D969B195B4A9100A98AD6 /* en */,
			);
			name = InfoPlist.strings;
			sourceTree = "<group>";
		};
		738D96A3195B4A9100A98AD6 /* Main_iPhone.storyboard */ = {
			isa = PBXVariantGroup;
			children = (
				738D96A4195B4A9100A98AD6 /* Base */,
			);
			name = Main_iPhone.storyboard;
			sourceTree = "<group>";
		};
		738D96A6195B4A9100A98AD6 /* Main_iPad.storyboard */ = {
			isa = PBXVariantGroup;
			children = (
				738D96A7195B4A9100A98AD6 /* Base */,
			);
			name = Main_iPad.storyboard;
			sourceTree = "<group>";
		};
		738D96BC195B4A9100A98AD6 /* InfoPlist.strings */ = {
			isa = PBXVariantGroup;
			children = (
				738D96BD195B4A9100A98AD6 /* en */,
			);
			name = InfoPlist.strings;
			sourceTree = "<group>";
		};
/* End PBXVariantGroup section */

/* Begin XCBuildConfiguration section */
		738D96C1195B4A9100A98AD6 /* Debug */ = {
			isa = XCBuildConfiguration;
			buildSettings = {
				ALWAYS_SEARCH_USER_PATHS = NO;
				CLANG_CXX_LANGUAGE_STANDARD = "gnu++0x";
				CLANG_CXX_LIBRARY = "libc++";
				CLANG_ENABLE_MODULES = YES;
				CLANG_ENABLE_OBJC_ARC = YES;
				CLANG_WARN_BOOL_CONVERSION = YES;
				CLANG_WARN_CONSTANT_CONVERSION = YES;
				CLANG_WARN_DIRECT_OBJC_ISA_USAGE = YES_ERROR;
				CLANG_WARN_EMPTY_BODY = YES;
				CLANG_WARN_ENUM_CONVERSION = YES;
				CLANG_WARN_INT_CONVERSION = YES;
				CLANG_WARN_OBJC_ROOT_CLASS = YES_ERROR;
				CLANG_WARN__DUPLICATE_METHOD_MATCH = YES;
				"CODE_SIGN_IDENTITY[sdk=iphoneos*]" = "iPhone Developer";
				COPY_PHASE_STRIP = NO;
				GCC_C_LANGUAGE_STANDARD = gnu99;
				GCC_DYNAMIC_NO_PIC = NO;
				GCC_OPTIMIZATION_LEVEL = 0;
				GCC_PREPROCESSOR_DEFINITIONS = (
					"DEBUG=1",
					"$(inherited)",
				);
				GCC_SYMBOLS_PRIVATE_EXTERN = NO;
				GCC_WARN_64_TO_32_BIT_CONVERSION = YES;
				GCC_WARN_ABOUT_RETURN_TYPE = YES_ERROR;
				GCC_WARN_UNDECLARED_SELECTOR = YES;
				GCC_WARN_UNINITIALIZED_AUTOS = YES_AGGRESSIVE;
				GCC_WARN_UNUSED_FUNCTION = YES;
				GCC_WARN_UNUSED_VARIABLE = YES;
				IPHONEOS_DEPLOYMENT_TARGET = 7.1;
				ONLY_ACTIVE_ARCH = YES;
				SDKROOT = iphoneos;
				TARGETED_DEVICE_FAMILY = "1,2";
			};
			name = Debug;
		};
		738D96C2195B4A9100A98AD6 /* Release */ = {
			isa = XCBuildConfiguration;
			buildSettings = {
				ALWAYS_SEARCH_USER_PATHS = NO;
				CLANG_CXX_LANGUAGE_STANDARD = "gnu++0x";
				CLANG_CXX_LIBRARY = "libc++";
				CLANG_ENABLE_MODULES = YES;
				CLANG_ENABLE_OBJC_ARC = YES;
				CLANG_WARN_BOOL_CONVERSION = YES;
				CLANG_WARN_CONSTANT_CONVERSION = YES;
				CLANG_WARN_DIRECT_OBJC_ISA_USAGE = YES_ERROR;
				CLANG_WARN_EMPTY_BODY = YES;
				CLANG_WARN_ENUM_CONVERSION = YES;
				CLANG_WARN_INT_CONVERSION = YES;
				CLANG_WARN_OBJC_ROOT_CLASS = YES_ERROR;
				CLANG_WARN__DUPLICATE_METHOD_MATCH = YES;
				"CODE_SIGN_IDENTITY[sdk=iphoneos*]" = "iPhone Developer";
				COPY_PHASE_STRIP = YES;
				ENABLE_NS_ASSERTIONS = NO;
				GCC_C_LANGUAGE_STANDARD = gnu99;
				GCC_WARN_64_TO_32_BIT_CONVERSION = YES;
				GCC_WARN_ABOUT_RETURN_TYPE = YES_ERROR;
				GCC_WARN_UNDECLARED_SELECTOR = YES;
				GCC_WARN_UNINITIALIZED_AUTOS = YES_AGGRESSIVE;
				GCC_WARN_UNUSED_FUNCTION = YES;
				GCC_WARN_UNUSED_VARIABLE = YES;
				IPHONEOS_DEPLOYMENT_TARGET = 7.1;
				SDKROOT = iphoneos;
				TARGETED_DEVICE_FAMILY = "1,2";
				VALIDATE_PRODUCT = YES;
			};
			name = Release;
		};
		738D96C4195B4A9100A98AD6 /* Debug */ = {
			isa = XCBuildConfiguration;
			buildSettings = {
				ASSETCATALOG_COMPILER_APPICON_NAME = AppIcon;
				ASSETCATALOG_COMPILER_LAUNCHIMAGE_NAME = LaunchImage;
				GCC_PRECOMPILE_PREFIX_HEADER = YES;
				GCC_PREFIX_HEADER = "BMICal/BMICal-Prefix.pch";
				INFOPLIST_FILE = "BMICal/BMICal-Info.plist";
				PRODUCT_NAME = "$(TARGET_NAME)";
				WRAPPER_EXTENSION = app;
			};
			name = Debug;
		};
		738D96C5195B4A9100A98AD6 /* Release */ = {
			isa = XCBuildConfiguration;
			buildSettings = {
				ASSETCATALOG_COMPILER_APPICON_NAME = AppIcon;
				ASSETCATALOG_COMPILER_LAUNCHIMAGE_NAME = LaunchImage;
				GCC_PRECOMPILE_PREFIX_HEADER = YES;
				GCC_PREFIX_HEADER = "BMICal/BMICal-Prefix.pch";
				INFOPLIST_FILE = "BMICal/BMICal-Info.plist";
				PRODUCT_NAME = "$(TARGET_NAME)";
				WRAPPER_EXTENSION = app;
			};
			name = Release;
		};
		738D96C7195B4A9100A98AD6 /* Debug */ = {
			isa = XCBuildConfiguration;
			buildSettings = {
				BUNDLE_LOADER = "$(BUILT_PRODUCTS_DIR)/BMICal.app/BMICal";
				FRAMEWORK_SEARCH_PATHS = (
					"$(SDKROOT)/Developer/Library/Frameworks",
					"$(inherited)",
					"$(DEVELOPER_FRAMEWORKS_DIR)",
				);
				GCC_PRECOMPILE_PREFIX_HEADER = YES;
				GCC_PREFIX_HEADER = "BMICal/BMICal-Prefix.pch";
				GCC_PREPROCESSOR_DEFINITIONS = (
					"DEBUG=1",
					"$(inherited)",
				);
				INFOPLIST_FILE = "BMICalTests/BMICalTests-Info.plist";
				PRODUCT_NAME = "$(TARGET_NAME)";
				TEST_HOST = "$(BUNDLE_LOADER)";
				WRAPPER_EXTENSION = xctest;
			};
			name = Debug;
		};
		738D96C8195B4A9100A98AD6 /* Release */ = {
			isa = XCBuildConfiguration;
			buildSettings = {
				BUNDLE_LOADER = "$(BUILT_PRODUCTS_DIR)/BMICal.app/BMICal";
				FRAMEWORK_SEARCH_PATHS = (
					"$(SDKROOT)/Developer/Library/Frameworks",
					"$(inherited)",
					"$(DEVELOPER_FRAMEWORKS_DIR)",
				);
				GCC_PRECOMPILE_PREFIX_HEADER = YES;
				GCC_PREFIX_HEADER = "BMICal/BMICal-Prefix.pch";
				INFOPLIST_FILE = "BMICalTests/BMICalTests-Info.plist";
				PRODUCT_NAME = "$(TARGET_NAME)";
				TEST_HOST = "$(BUNDLE_LOADER)";
				WRAPPER_EXTENSION = xctest;
			};
			name = Release;
		};
/* End XCBuildConfiguration section */

/* Begin XCConfigurationList section */
		738D9689195B4A9100A98AD6 /* Build configuration list for PBXProject "BMICal" */ = {
			isa = XCConfigurationList;
			buildConfigurations = (
				738D96C1195B4A9100A98AD6 /* Debug */,
				738D96C2195B4A9100A98AD6 /* Release */,
			);
			defaultConfigurationIsVisible = 0;
			defaultConfigurationName = Release;
		};
		738D96C3195B4A9100A98AD6 /* Build configuration list for PBXNativeTarget "BMICal" */ = {
			isa = XCConfigurationList;
			buildConfigurations = (
				738D96C4195B4A9100A98AD6 /* Debug */,
				738D96C5195B4A9100A98AD6 /* Release */,
			);
			defaultConfigurationIsVisible = 0;
		};
		738D96C6195B4A9100A98AD6 /* Build configuration list for PBXNativeTarget "BMICalTests" */ = {
			isa = XCConfigurationList;
			buildConfigurations = (
				738D96C7195B4A9100A98AD6 /* Debug */,
				738D96C8195B4A9100A98AD6 /* Release */,
			);
			defaultConfigurationIsVisible = 0;
		};
/* End XCConfigurationList section */
	};
	rootObject = 738D9686195B4A9100A98AD6 /* Project object */;
}
